{
  "name": "notion-diary",
  "version": "1.0.0",
  "lockfileVersion": 2,
  "requires": true,
  "packages": {
    "": {
      "name": "notion-diary",
      "version": "1.0.0",
      "license": "ISC",
      "dependencies": {
        "@notionhq/client": "^4.0.0",
        "cdate": "^0.0.7",
        "lodash": "^4.17.21",
        "markdown-to-notion": "0.1.1"
      }
    },
    "node_modules/@notionhq/client": {
      "version": "4.0.2",
      "resolved": "https://registry.npmjs.org/@notionhq/client/-/client-4.0.2.tgz",
      "integrity": "sha512-4pk3dm4umhjsRI0umCnJ8lCZh0TMiaMdkY0rz6FV4OqVuTsmYFV3pk+YTR5S8792ZY2Rm4lJHlLj05HQVKDuIg==",
      "engines": {
        "node": ">=18"
      }
    },
    "node_modules/@types/marked": {
      "version": "4.0.8",
      "resolved": "https://registry.npmjs.org/@types/marked/-/marked-4.0.8.tgz",
      "integrity": "sha512-HVNzMT5QlWCOdeuBsgXP8EZzKUf0+AXzN+sLmjvaB3ZlLqO+e4u0uXrdw9ub69wBKFs+c6/pA4r9sy6cCDvImw=="
    },
    "node_modules/@types/prettier": {
      "version": "2.7.2",
      "resolved": "https://registry.npmjs.org/@types/prettier/-/prettier-2.7.2.tgz",
      "integrity": "sha512-KufADq8uQqo1pYKVIYzfKbJfBAc0sOeXqGbFaSpv8MRmC/zXgowNZmFcbngndGk922QDmOASEXUZCaY48gs4cg=="
    },
    "node_modules/cdate": {
      "version": "0.0.7",
      "resolved": "https://registry.npmjs.org/cdate/-/cdate-0.0.7.tgz",
      "integrity": "sha512-11EnUjVX6hwL0FcDNE2F0wh+0KnQieTfPUdPHNdQHbrvFdEbqfRULkA8nMcfT2tXCGw/ABRdYLqQ0SmbeWawTA=="
    },
    "node_modules/lodash": {
      "version": "4.17.21",
      "resolved": "https://registry.npmjs.org/lodash/-/lodash-4.17.21.tgz",
      "integrity": "sha512-v2kDEe57lecTulaDIuNTPy3Ry4gLGJ6Z1O3vE1krgXZNrsQ+LFTGHVxVjcXPs17LhbZVGedAJv8XZ1tvj5FvSg=="
    },
    "node_modules/markdown-to-notion": {
      "version": "0.1.1",
      "resolved": "https://registry.npmjs.org/markdown-to-notion/-/markdown-to-notion-0.1.1.tgz",
      "integrity": "sha512-L7FI6TWa19d7WQ/fSj+/80UvNaZPO1rakAyp4+/O6i0unUlX7qR4kWHPZZEtZtaPus1UDaxNHp2ptX6eny78BA==",
      "dependencies": {
        "@types/marked": "^4.0.8",
        "@types/prettier": "^2.7.2",
        "marked": "^4.2.12",
        "prettier": "^2.8.4"
      }
    },
    "node_modules/marked": {
      "version": "4.2.12",
      "resolved": "https://registry.npmjs.org/marked/-/marked-4.2.12.tgz",
      "integrity": "sha512-yr8hSKa3Fv4D3jdZmtMMPghgVt6TWbk86WQaWhDloQjRSQhMMYCAro7jP7VDJrjjdV8pxVxMssXS8B8Y5DZ5aw==",
      "bin": {
        "marked": "bin/marked.js"
      },
      "engines": {
        "node": ">= 12"
      }
    },
    "node_modules/prettier": {
      "version": "2.8.4",
      "resolved": "https://registry.npmjs.org/prettier/-/prettier-2.8.4.tgz",
      "integrity": "sha512-vIS4Rlc2FNh0BySk3Wkd6xmwxB0FpOndW5fisM5H8hsZSxU2VWVB5CWIkIjWvrHjIhxk2g3bfMKM87zNTrZddw==",
      "bin": {
        "prettier": "bin-prettier.js"
      },
      "engines": {
        "node": ">=10.13.0"
      },
      "funding": {
        "url": "https://github.com/prettier/prettier?sponsor=1"
      }
    }
  },
  "dependencies": {
    "@notionhq/client": {
      "version": "4.0.2",
      "resolved": "https://registry.npmjs.org/@notionhq/client/-/client-4.0.2.tgz",
      "integrity": "sha512-4pk3dm4umhjsRI0umCnJ8lCZh0TMiaMdkY0rz6FV4OqVuTsmYFV3pk+YTR5S8792ZY2Rm4lJHlLj05HQVKDuIg=="
    },
    "@types/marked": {
      "version": "4.0.8",
      "resolved": "https://registry.npmjs.org/@types/marked/-/marked-4.0.8.tgz",
      "integrity": "sha512-HVNzMT5QlWCOdeuBsgXP8EZzKUf0+AXzN+sLmjvaB3ZlLqO+e4u0uXrdw9ub69wBKFs+c6/pA4r9sy6cCDvImw=="
    },
    "@types/prettier": {
      "version": "2.7.2",
      "resolved": "https://registry.npmjs.org/@types/prettier/-/prettier-2.7.2.tgz",
      "integrity": "sha512-KufADq8uQqo1pYKVIYzfKbJfBAc0sOeXqGbFaSpv8MRmC/zXgowNZmFcbngndGk922QDmOASEXUZCaY48gs4cg=="
    },
    "cdate": {
      "version": "0.0.7",
      "resolved": "https://registry.npmjs.org/cdate/-/cdate-0.0.7.tgz",
      "integrity": "sha512-11EnUjVX6hwL0FcDNE2F0wh+0KnQieTfPUdPHNdQHbrvFdEbqfRULkA8nMcfT2tXCGw/ABRdYLqQ0SmbeWawTA=="
    },
    "lodash": {
      "version": "4.17.21",
      "resolved": "https://registry.npmjs.org/lodash/-/lodash-4.17.21.tgz",
      "integrity": "sha512-v2kDEe57lecTulaDIuNTPy3Ry4gLGJ6Z1O3vE1krgXZNrsQ+LFTGHVxVjcXPs17LhbZVGedAJv8XZ1tvj5FvSg=="
    },
    "markdown-to-notion": {
      "version": "0.1.1",
      "resolved": "https://registry.npmjs.org/markdown-to-notion/-/markdown-to-notion-0.1.1.tgz",
      "integrity": "sha512-L7FI6TWa19d7WQ/fSj+/80UvNaZPO1rakAyp4+/O6i0unUlX7qR4kWHPZZEtZtaPus1UDaxNHp2ptX6eny78BA==",
      "requires": {
        "@types/marked": "^4.0.8",
        "@types/prettier": "^2.7.2",
        "marked": "^4.2.12",
        "prettier": "^2.8.4"
      }
    },
    "marked": {
      "version": "4.2.12",
      "resolved": "https://registry.npmjs.org/marked/-/marked-4.2.12.tgz",
      "integrity": "sha512-yr8hSKa3Fv4D3jdZmtMMPghgVt6TWbk86WQaWhDloQjRSQhMMYCAro7jP7VDJrjjdV8pxVxMssXS8B8Y5DZ5aw=="
    },
    "prettier": {
      "version": "2.8.4",
      "resolved": "https://registry.npmjs.org/prettier/-/prettier-2.8.4.tgz",
      "integrity": "sha512-vIS4Rlc2FNh0BySk3Wkd6xmwxB0FpOndW5fisM5H8hsZSxU2VWVB5CWIkIjWvrHjIhxk2g3bfMKM87zNTrZddw=="
    }
  }
}
